{
  "name": "dw",
  "version": "1.0.0",
  "lockfileVersion": 3,
  "requires": true,
  "packages": {
    "": {
      "name": "dw",
      "version": "1.0.0",
      "license": "ISC",
      "dependencies": {
        "ts-buff": "file:.."
      }
    },
    "..": {
      "version": "0.0.8",
      "license": "ISC",
      "devDependencies": {
        "typescript": "^5.6.2"
      }
    },
    "node_modules/ts-buff": {
      "resolved": "..",
      "link": true
    }
  }
}
